
Microsoft Visual Studio Solution File, Format Version 12.00
# Visual Studio Version 17
VisualStudioVersion = 17.6.33815.320
MinimumVisualStudioVersion = 10.0.40219.1
Project("{FAE04EC0-301F-11D3-BF4B-00C04F79EFBC}") = "Middleware", "Middleware\Middleware.csproj", "{7AF7F733-8F13-4AA1-A5CB-010F64DD0B39}"
EndProject
Global
	GlobalSection(SolutionConfigurationPlatforms) = preSolution
		Debug|Any CPU = Debug|Any CPU
		Release|Any CPU = Release|Any CPU
	EndGlobalSection
	GlobalSection(ProjectConfigurationPlatforms) = postSolution
		{7AF7F733-8F13-4AA1-A5CB-010F64DD0B39}.Debug|Any CPU.ActiveCfg = Debug|Any CPU
		{7AF7F733-8F13-4AA1-A5CB-010F64DD0B39}.Debug|Any CPU.Build.0 = Debug|Any CPU
		{7AF7F733-8F13-4AA1-A5CB-010F64DD0B39}.Release|Any CPU.ActiveCfg = Release|Any CPU
		{7AF7F733-8F13-4AA1-A5CB-010F64DD0B39}.Release|Any CPU.Build.0 = Release|Any CPU
	EndGlobalSection
	GlobalSection(SolutionProperties) = preSolution
		HideSolutionNode = FALSE
	EndGlobalSection
	GlobalSection(ExtensibilityGlobals) = postSolution
		SolutionGuid = {C7724B78-AC76-4210-A86E-5369539293FE}
	EndGlobalSection
EndGlobal
